# THIS IS AN AUTOGENERATED FILE. DO NOT EDIT THIS FILE DIRECTLY.
# yarn lockfile v1


openzeppelin-solidity@^4.1.0:
  version "4.1.0"
  resolved "https://registry.yarnpkg.com/openzeppelin-solidity/-/openzeppelin-solidity-4.1.0.tgz#6f514efa71feb582920c7836184beed2bfc13319"
  integrity sha512-eOTwAu5q909S+Lqi4QnTQClY8KLpdnpiddrrrCuDSDaOgohBbl4VMcJj325k67m2qyalqvHu/2Fj5qqj5V9oLw==
